// !$*UTF8*$!
{
	archiveVersion = 1;
	classes = {
	};
	objectVersion = 46;
	objects = {

/* Begin PBXBuildFile section */
		6928DEDE1EBB29530069F486 /* main.m in Sources */ = {isa = PBXBuildFile; fileRef = 6928DEDD1EBB29530069F486 /* main.m */; };
		6928DEE11EBB29530069F486 /* AppDelegate.m in Sources */ = {isa = PBXBuildFile; fileRef = 6928DEE01EBB29530069F486 /* AppDelegate.m */; };
		6928DEE41EBB29540069F486 /* ViewController.m in Sources */ = {isa = PBXBuildFile; fileRef = 6928DEE31EBB29540069F486 /* ViewController.m */; };
		6928DEE71EBB29540069F486 /* Main.storyboard in Resources */ = {isa = PBXBuildFile; fileRef = 6928DEE51EBB29540069F486 /* Main.storyboard */; };
		6928DEE91EBB29540069F486 /* image.xcassets in Resources */ = {isa = PBXBuildFile; fileRef = 6928DEE81EBB29540069F486 /* image.xcassets */; };
		6928DEEC1EBB29540069F486 /* LaunchScreen.storyboard in Resources */ = {isa = PBXBuildFile; fileRef = 6928DEEA1EBB29540069F486 /* LaunchScreen.storyboard */; };
		6928DEF71EBB2B260069F486 /* UIView+Ext.m in Sources */ = {isa = PBXBuildFile; fileRef = 6928DEF61EBB2B260069F486 /* UIView+Ext.m */; };
		6928DEFA1EBB2B550069F486 /* UIColor+Ext.m in Sources */ = {isa = PBXBuildFile; fileRef = 6928DEF91EBB2B550069F486 /* UIColor+Ext.m */; };
		6928DEFD1EBB2BA50069F486 /* YJXTagButton.m in Sources */ = {isa = PBXBuildFile; fileRef = 6928DEFC1EBB2BA50069F486 /* YJXTagButton.m */; };
		6928DF001EBB2BED0069F486 /* HotTagsModel.m in Sources */ = {isa = PBXBuildFile; fileRef = 6928DEFF1EBB2BED0069F486 /* HotTagsModel.m */; };
		6928DF091EBB4E2B0069F486 /* NSArray+Log.m in Sources */ = {isa = PBXBuildFile; fileRef = 6928DF081EBB4E2B0069F486 /* NSArray+Log.m */; };
		6928DF0C1EBB4E4D0069F486 /* NSDictionary+Log.m in Sources */ = {isa = PBXBuildFile; fileRef = 6928DF0B1EBB4E4D0069F486 /* NSDictionary+Log.m */; };
		69B2B6131EBC09AB00BD3C22 /* CustomStyleView.m in Sources */ = {isa = PBXBuildFile; fileRef = 69B2B6121EBC09AB00BD3C22 /* CustomStyleView.m */; };
/* End PBXBuildFile section */

/* Begin PBXFileReference section */
		6928DED91EBB29530069F486 /* CustomStyleLabel.app */ = {isa = PBXFileReference; explicitFileType = wrapper.application; includeInIndex = 0; path = CustomStyleLabel.app; sourceTree = BUILT_PRODUCTS_DIR; };
		6928DEDD1EBB29530069F486 /* main.m */ = {isa = PBXFileReference; lastKnownFileType = sourcecode.c.objc; path = main.m; sourceTree = "<group>"; };
		6928DEDF1EBB29530069F486 /* AppDelegate.h */ = {isa = PBXFileReference; lastKnownFileType = sourcecode.c.h; path = AppDelegate.h; sourceTree = "<group>"; };
		6928DEE01EBB29530069F486 /* AppDelegate.m */ = {isa = PBXFileReference; lastKnownFileType = sourcecode.c.objc; path = AppDelegate.m; sourceTree = "<group>"; };
		6928DEE21EBB29540069F486 /* ViewController.h */ = {isa = PBXFileReference; lastKnownFileType = sourcecode.c.h; path = ViewController.h; sourceTree = "<group>"; };
		6928DEE31EBB29540069F486 /* ViewController.m */ = {isa = PBXFileReference; lastKnownFileType = sourcecode.c.objc; path = ViewController.m; sourceTree = "<group>"; };
		6928DEE61EBB29540069F486 /* Base */ = {isa = PBXFileReference; lastKnownFileType = file.storyboard; name = Base; path = Base.lproj/Main.storyboard; sourceTree = "<group>"; };
		6928DEE81EBB29540069F486 /* image.xcassets */ = {isa = PBXFileReference; lastKnownFileType = folder.assetcatalog; path = image.xcassets; sourceTree = "<group>"; };
		6928DEEB1EBB29540069F486 /* Base */ = {isa = PBXFileReference; lastKnownFileType = file.storyboard; name = Base; path = Base.lproj/LaunchScreen.storyboard; sourceTree = "<group>"; };
		6928DEED1EBB29540069F486 /* Info.plist */ = {isa = PBXFileReference; lastKnownFileType = text.plist.xml; path = Info.plist; sourceTree = "<group>"; };
		6928DEF51EBB2B260069F486 /* UIView+Ext.h */ = {isa = PBXFileReference; fileEncoding = 4; lastKnownFileType = sourcecode.c.h; path = "UIView+Ext.h"; sourceTree = "<group>"; };
		6928DEF61EBB2B260069F486 /* UIView+Ext.m */ = {isa = PBXFileReference; fileEncoding = 4; lastKnownFileType = sourcecode.c.objc; path = "UIView+Ext.m"; sourceTree = "<group>"; };
		6928DEF81EBB2B550069F486 /* UIColor+Ext.h */ = {isa = PBXFileReference; fileEncoding = 4; lastKnownFileType = sourcecode.c.h; path = "UIColor+Ext.h"; sourceTree = "<group>"; };
		6928DEF91EBB2B550069F486 /* UIColor+Ext.m */ = {isa = PBXFileReference; fileEncoding = 4; lastKnownFileType = sourcecode.c.objc; path = "UIColor+Ext.m"; sourceTree = "<group>"; };
		6928DEFB1EBB2BA50069F486 /* YJXTagButton.h */ = {isa = PBXFileReference; fileEncoding = 4; lastKnownFileType = sourcecode.c.h; path = YJXTagButton.h; sourceTree = "<group>"; };
		6928DEFC1EBB2BA50069F486 /* YJXTagButton.m */ = {isa = PBXFileReference; fileEncoding = 4; lastKnownFileType = sourcecode.c.objc; path = YJXTagButton.m; sourceTree = "<group>"; };
		6928DEFE1EBB2BED0069F486 /* HotTagsModel.h */ = {isa = PBXFileReference; fileEncoding = 4; lastKnownFileType = sourcecode.c.h; path = HotTagsModel.h; sourceTree = "<group>"; };
		6928DEFF1EBB2BED0069F486 /* HotTagsModel.m */ = {isa = PBXFileReference; fileEncoding = 4; lastKnownFileType = sourcecode.c.objc; path = HotTagsModel.m; sourceTree = "<group>"; };
		6928DF071EBB4E2B0069F486 /* NSArray+Log.h */ = {isa = PBXFileReference; fileEncoding = 4; lastKnownFileType = sourcecode.c.h; name = "NSArray+Log.h"; path = "CustomStyleLabel/LIb/NSArray+Log.h"; sourceTree = SOURCE_ROOT; };
		6928DF081EBB4E2B0069F486 /* NSArray+Log.m */ = {isa = PBXFileReference; fileEncoding = 4; lastKnownFileType = sourcecode.c.objc; name = "NSArray+Log.m"; path = "CustomStyleLabel/LIb/NSArray+Log.m"; sourceTree = SOURCE_ROOT; };
		6928DF0A1EBB4E4D0069F486 /* NSDictionary+Log.h */ = {isa = PBXFileReference; fileEncoding = 4; lastKnownFileType = sourcecode.c.h; name = "NSDictionary+Log.h"; path = "CustomStyleLabel/LIb/NSDictionary+Log.h"; sourceTree = SOURCE_ROOT; };
		6928DF0B1EBB4E4D0069F486 /* NSDictionary+Log.m */ = {isa = PBXFileReference; fileEncoding = 4; lastKnownFileType = sourcecode.c.objc; name = "NSDictionary+Log.m"; path = "CustomStyleLabel/LIb/NSDictionary+Log.m"; sourceTree = SOURCE_ROOT; };
		69B2B6111EBC09AB00BD3C22 /* CustomStyleView.h */ = {isa = PBXFileReference; fileEncoding = 4; lastKnownFileType = sourcecode.c.h; path = CustomStyleView.h; sourceTree = "<group>"; };
		69B2B6121EBC09AB00BD3C22 /* CustomStyleView.m */ = {isa = PBXFileReference; fileEncoding = 4; lastKnownFileType = sourcecode.c.objc; path = CustomStyleView.m; sourceTree = "<group>"; };
/* End PBXFileReference section */

/* Begin PBXFrameworksBuildPhase section */
		6928DED61EBB29530069F486 /* Frameworks */ = {
			isa = PBXFrameworksBuildPhase;
			buildActionMask = 2147483647;
			files = (
			);
			runOnlyForDeploymentPostprocessing = 0;
		};
/* End PBXFrameworksBuildPhase section */

/* Begin PBXGroup section */
		6928DED01EBB29530069F486 = {
			isa = PBXGroup;
			children = (
				6928DEDB1EBB29530069F486 /* CustomStyleLabel */,
				6928DEDA1EBB29530069F486 /* Products */,
			);
			sourceTree = "<group>";
		};
		6928DEDA1EBB29530069F486 /* Products */ = {
			isa = PBXGroup;
			children = (
				6928DED91EBB29530069F486 /* CustomStyleLabel.app */,
			);
			name = Products;
			sourceTree = "<group>";
		};
		6928DEDB1EBB29530069F486 /* CustomStyleLabel */ = {
			isa = PBXGroup;
			children = (
				6928DEF41EBB2B1B0069F486 /* Lib */,
				6928DEDF1EBB29530069F486 /* AppDelegate.h */,
				6928DEE01EBB29530069F486 /* AppDelegate.m */,
				6928DEE21EBB29540069F486 /* ViewController.h */,
				6928DEE31EBB29540069F486 /* ViewController.m */,
				69B2B6111EBC09AB00BD3C22 /* CustomStyleView.h */,
				69B2B6121EBC09AB00BD3C22 /* CustomStyleView.m */,
				6928DEE51EBB29540069F486 /* Main.storyboard */,
				6928DEE81EBB29540069F486 /* image.xcassets */,
				6928DEEA1EBB29540069F486 /* LaunchScreen.storyboard */,
				6928DEED1EBB29540069F486 /* Info.plist */,
				6928DEDC1EBB29530069F486 /* Supporting Files */,
			);
			path = CustomStyleLabel;
			sourceTree = "<group>";
		};
		6928DEDC1EBB29530069F486 /* Supporting Files */ = {
			isa = PBXGroup;
			children = (
				6928DEDD1EBB29530069F486 /* main.m */,
			);
			name = "Supporting Files";
			sourceTree = "<group>";
		};
		6928DEF41EBB2B1B0069F486 /* Lib */ = {
			isa = PBXGroup;
			children = (
				6928DF071EBB4E2B0069F486 /* NSArray+Log.h */,
				6928DF081EBB4E2B0069F486 /* NSArray+Log.m */,
				6928DF0A1EBB4E4D0069F486 /* NSDictionary+Log.h */,
				6928DF0B1EBB4E4D0069F486 /* NSDictionary+Log.m */,
				6928DEFE1EBB2BED0069F486 /* HotTagsModel.h */,
				6928DEFF1EBB2BED0069F486 /* HotTagsModel.m */,
				6928DEFB1EBB2BA50069F486 /* YJXTagButton.h */,
				6928DEFC1EBB2BA50069F486 /* YJXTagButton.m */,
				6928DEF81EBB2B550069F486 /* UIColor+Ext.h */,
				6928DEF91EBB2B550069F486 /* UIColor+Ext.m */,
				6928DEF51EBB2B260069F486 /* UIView+Ext.h */,
				6928DEF61EBB2B260069F486 /* UIView+Ext.m */,
			);
			path = Lib;
			sourceTree = "<group>";
		};
/* End PBXGroup section */

/* Begin PBXNativeTarget section */
		6928DED81EBB29530069F486 /* CustomStyleLabel */ = {
			isa = PBXNativeTarget;
			buildConfigurationList = 6928DEF01EBB29540069F486 /* Build configuration list for PBXNativeTarget "CustomStyleLabel" */;
			buildPhases = (
				6928DED51EBB29530069F486 /* Sources */,
				6928DED61EBB29530069F486 /* Frameworks */,
				6928DED71EBB29530069F486 /* Resources */,
			);
			buildRules = (
			);
			dependencies = (
			);
			name = CustomStyleLabel;
			productName = CustomStyleLabel;
			productReference = 6928DED91EBB29530069F486 /* CustomStyleLabel.app */;
			productType = "com.apple.product-type.application";
		};
/* End PBXNativeTarget section */

/* Begin PBXProject section */
		6928DED11EBB29530069F486 /* Project object */ = {
			isa = PBXProject;
			attributes = {
				LastUpgradeCheck = 0830;
				ORGANIZATIONNAME = fbt;
				TargetAttributes = {
					6928DED81EBB29530069F486 = {
						CreatedOnToolsVersion = 8.3;
						DevelopmentTeam = CSMH4BJ3Z3;
						ProvisioningStyle = Automatic;
					};
				};
			};
			buildConfigurationList = 6928DED41EBB29530069F486 /* Build configuration list for PBXProject "CustomStyleLabel" */;
			compatibilityVersion = "Xcode 3.2";
			developmentRegion = English;
			hasScannedForEncodings = 0;
			knownRegions = (
				en,
				Base,
			);
			mainGroup = 6928DED01EBB29530069F486;
			productRefGroup = 6928DEDA1EBB29530069F486 /* Products */;
			projectDirPath = "";
			projectRoot = "";
			targets = (
				6928DED81EBB29530069F486 /* CustomStyleLabel */,
			);
		};
/* End PBXProject section */

/* Begin PBXResourcesBuildPhase section */
		6928DED71EBB29530069F486 /* Resources */ = {
			isa = PBXResourcesBuildPhase;
			buildActionMask = 2147483647;
			files = (
				6928DEEC1EBB29540069F486 /* LaunchScreen.storyboard in Resources */,
				6928DEE91EBB29540069F486 /* image.xcassets in Resources */,
				6928DEE71EBB29540069F486 /* Main.storyboard in Resources */,
			);
			runOnlyForDeploymentPostprocessing = 0;
		};
/* End PBXResourcesBuildPhase section */

/* Begin PBXSourcesBuildPhase section */
		6928DED51EBB29530069F486 /* Sources */ = {
			isa = PBXSourcesBuildPhase;
			buildActionMask = 2147483647;
			files = (
				6928DEFA1EBB2B550069F486 /* UIColor+Ext.m in Sources */,
				6928DF001EBB2BED0069F486 /* HotTagsModel.m in Sources */,
				6928DEF71EBB2B260069F486 /* UIView+Ext.m in Sources */,
				6928DEE41EBB29540069F486 /* ViewController.m in Sources */,
				6928DF0C1EBB4E4D0069F486 /* NSDictionary+Log.m in Sources */,
				6928DEE11EBB29530069F486 /* AppDelegate.m in Sources */,
				6928DF091EBB4E2B0069F486 /* NSArray+Log.m in Sources */,
				69B2B6131EBC09AB00BD3C22 /* CustomStyleView.m in Sources */,
				6928DEFD1EBB2BA50069F486 /* YJXTagButton.m in Sources */,
				6928DEDE1EBB29530069F486 /* main.m in Sources */,
			);
			runOnlyForDeploymentPostprocessing = 0;
		};
/* End PBXSourcesBuildPhase section */

/* Begin PBXVariantGroup section */
		6928DEE51EBB29540069F486 /* Main.storyboard */ = {
			isa = PBXVariantGroup;
			children = (
				6928DEE61EBB29540069F486 /* Base */,
			);
			name = Main.storyboard;
			sourceTree = "<group>";
		};
		6928DEEA1EBB29540069F486 /* LaunchScreen.storyboard */ = {
			isa = PBXVariantGroup;
			children = (
				6928DEEB1EBB29540069F486 /* Base */,
			);
			name = LaunchScreen.storyboard;
			sourceTree = "<group>";
		};
/* End PBXVariantGroup section */

/* Begin XCBuildConfiguration section */
		6928DEEE1EBB29540069F486 /* Debug */ = {
			isa = XCBuildConfiguration;
			buildSettings = {
				ALWAYS_SEARCH_USER_PATHS = NO;
				CLANG_ANALYZER_NONNULL = YES;
				CLANG_ANALYZER_NUMBER_OBJECT_CONVERSION = YES_AGGRESSIVE;
				CLANG_CXX_LANGUAGE_STANDARD = "gnu++0x";
				CLANG_CXX_LIBRARY = "libc++";
				CLANG_ENABLE_MODULES = YES;
				CLANG_ENABLE_OBJC_ARC = YES;
				CLANG_WARN_BOOL_CONVERSION = YES;
				CLANG_WARN_CONSTANT_CONVERSION = YES;
				CLANG_WARN_DIRECT_OBJC_ISA_USAGE = YES_ERROR;
				CLANG_WARN_DOCUMENTATION_COMMENTS = YES;
				CLANG_WARN_EMPTY_BODY = YES;
				CLANG_WARN_ENUM_CONVERSION = YES;
				CLANG_WARN_INFINITE_RECURSION = YES;
				CLANG_WARN_INT_CONVERSION = YES;
				CLANG_WARN_OBJC_ROOT_CLASS = YES_ERROR;
				CLANG_WARN_SUSPICIOUS_MOVE = YES;
				CLANG_WARN_UNREACHABLE_CODE = YES;
				CLANG_WARN__DUPLICATE_METHOD_MATCH = YES;
				"CODE_SIGN_IDENTITY[sdk=iphoneos*]" = "iPhone Developer";
				COPY_PHASE_STRIP = NO;
				DEBUG_INFORMATION_FORMAT = dwarf;
				ENABLE_STRICT_OBJC_MSGSEND = YES;
				ENABLE_TESTABILITY = YES;
				GCC_C_LANGUAGE_STANDARD = gnu99;
				GCC_DYNAMIC_NO_PIC = NO;
				GCC_NO_COMMON_BLOCKS = YES;
				GCC_OPTIMIZATION_LEVEL = 0;
				GCC_PREPROCESSOR_DEFINITIONS = (
					"DEBUG=1",
					"$(inherited)",
				);
				GCC_WARN_64_TO_32_BIT_CONVERSION = YES;
				GCC_WARN_ABOUT_RETURN_TYPE = YES_ERROR;
				GCC_WARN_UNDECLARED_SELECTOR = YES;
				GCC_WARN_UNINITIALIZED_AUTOS = YES_AGGRESSIVE;
				GCC_WARN_UNUSED_FUNCTION = YES;
				GCC_WARN_UNUSED_VARIABLE = YES;
				IPHONEOS_DEPLOYMENT_TARGET = 10.3;
				MTL_ENABLE_DEBUG_INFO = YES;
				ONLY_ACTIVE_ARCH = YES;
				SDKROOT = iphoneos;
			};
			name = Debug;
		};
		6928DEEF1EBB29540069F486 /* Release */ = {
			isa = XCBuildConfiguration;
			buildSettings = {
				ALWAYS_SEARCH_USER_PATHS = NO;
				CLANG_ANALYZER_NONNULL = YES;
				CLANG_ANALYZER_NUMBER_OBJECT_CONVERSION = YES_AGGRESSIVE;
				CLANG_CXX_LANGUAGE_STANDARD = "gnu++0x";
				CLANG_CXX_LIBRARY = "libc++";
				CLANG_ENABLE_MODULES = YES;
				CLANG_ENABLE_OBJC_ARC = YES;
				CLANG_WARN_BOOL_CONVERSION = YES;
				CLANG_WARN_CONSTANT_CONVERSION = YES;
				CLANG_WARN_DIRECT_OBJC_ISA_USAGE = YES_ERROR;
				CLANG_WARN_DOCUMENTATION_COMMENTS = YES;
				CLANG_WARN_EMPTY_BODY = YES;
				CLANG_WARN_ENUM_CONVERSION = YES;
				CLANG_WARN_INFINITE_RECURSION = YES;
				CLANG_WARN_INT_CONVERSION = YES;
				CLANG_WARN_OBJC_ROOT_CLASS = YES_ERROR;
				CLANG_WARN_SUSPICIOUS_MOVE = YES;
				CLANG_WARN_UNREACHABLE_CODE = YES;
				CLANG_WARN__DUPLICATE_METHOD_MATCH = YES;
				"CODE_SIGN_IDENTITY[sdk=iphoneos*]" = "iPhone Developer";
				COPY_PHASE_STRIP = NO;
				DEBUG_INFORMATION_FORMAT = "dwarf-with-dsym";
				ENABLE_NS_ASSERTIONS = NO;
				ENABLE_STRICT_OBJC_MSGSEND = YES;
				GCC_C_LANGUAGE_STANDARD = gnu99;
				GCC_NO_COMMON_BLOCKS = YES;
				GCC_WARN_64_TO_32_BIT_CONVERSION = YES;
				GCC_WARN_ABOUT_RETURN_TYPE = YES_ERROR;
				GCC_WARN_UNDECLARED_SELECTOR = YES;
				GCC_WARN_UNINITIALIZED_AUTOS = YES_AGGRESSIVE;
				GCC_WARN_UNUSED_FUNCTION = YES;
				GCC_WARN_UNUSED_VARIABLE = YES;
				IPHONEOS_DEPLOYMENT_TARGET = 10.3;
				MTL_ENABLE_DEBUG_INFO = NO;
				SDKROOT = iphoneos;
				VALIDATE_PRODUCT = YES;
			};
			name = Release;
		};
		6928DEF11EBB29540069F486 /* Debug */ = {
			isa = XCBuildConfiguration;
			buildSettings = {
				ASSETCATALOG_COMPILER_APPICON_NAME = AppIcon;
				DEVELOPMENT_TEAM = CSMH4BJ3Z3;
				INFOPLIST_FILE = CustomStyleLabel/Info.plist;
				LD_RUNPATH_SEARCH_PATHS = "$(inherited) @executable_path/Frameworks";
				PRODUCT_BUNDLE_IDENTIFIER = fbt.CustomStyleLabel;
				PRODUCT_NAME = "$(TARGET_NAME)";
			};
			name = Debug;
		};
		6928DEF21EBB29540069F486 /* Release */ = {
			isa = XCBuildConfiguration;
			buildSettings = {
				ASSETCATALOG_COMPILER_APPICON_NAME = AppIcon;
				DEVELOPMENT_TEAM = CSMH4BJ3Z3;
				INFOPLIST_FILE = CustomStyleLabel/Info.plist;
				LD_RUNPATH_SEARCH_PATHS = "$(inherited) @executable_path/Frameworks";
				PRODUCT_BUNDLE_IDENTIFIER = fbt.CustomStyleLabel;
				PRODUCT_NAME = "$(TARGET_NAME)";
			};
			name = Release;
		};
/* End XCBuildConfiguration section */

/* Begin XCConfigurationList section */
		6928DED41EBB29530069F486 /* Build configuration list for PBXProject "CustomStyleLabel" */ = {
			isa = XCConfigurationList;
			buildConfigurations = (
				6928DEEE1EBB29540069F486 /* Debug */,
				6928DEEF1EBB29540069F486 /* Release */,
			);
			defaultConfigurationIsVisible = 0;
			defaultConfigurationName = Release;
		};
		6928DEF01EBB29540069F486 /* Build configuration list for PBXNativeTarget "CustomStyleLabel" */ = {
			isa = XCConfigurationList;
			buildConfigurations = (
				6928DEF11EBB29540069F486 /* Debug */,
				6928DEF21EBB29540069F486 /* Release */,
			);
			defaultConfigurationIsVisible = 0;
			defaultConfigurationName = Release;
		};
/* End XCConfigurationList section */
	};
	rootObject = 6928DED11EBB29530069F486 /* Project object */;
}
